
Microsoft Visual Studio Solution File, Format Version 12.00
# Visual Studio Version 17
VisualStudioVersion = 17.3.32901.215
MinimumVisualStudioVersion = 10.0.40219.1
Project("{FAE04EC0-301F-11D3-BF4B-00C04F79EFBC}") = "csharp-gestore-eventi", "csharp-gestore-eventi.csproj", "{AD50234A-26C7-46C5-8997-A3DEE88D3CCA}"
EndProject
Global
	GlobalSection(SolutionConfigurationPlatforms) = preSolution
		Debug|Any CPU = Debug|Any CPU
		Release|Any CPU = Release|Any CPU
	EndGlobalSection
	GlobalSection(ProjectConfigurationPlatforms) = postSolution
		{AD50234A-26C7-46C5-8997-A3DEE88D3CCA}.Debug|Any CPU.ActiveCfg = Debug|Any CPU
		{AD50234A-26C7-46C5-8997-A3DEE88D3CCA}.Debug|Any CPU.Build.0 = Debug|Any CPU
		{AD50234A-26C7-46C5-8997-A3DEE88D3CCA}.Release|Any CPU.ActiveCfg = Release|Any CPU
		{AD50234A-26C7-46C5-8997-A3DEE88D3CCA}.Release|Any CPU.Build.0 = Release|Any CPU
	EndGlobalSection
	GlobalSection(SolutionProperties) = preSolution
		HideSolutionNode = FALSE
	EndGlobalSection
	GlobalSection(ExtensibilityGlobals) = postSolution
		SolutionGuid = {E2FFE564-32FB-4B7B-97CF-42BA4D7959FF}
	EndGlobalSection
EndGlobal
